
Microsoft Visual Studio Solution File, Format Version 12.00
# Visual Studio Version 17
VisualStudioVersion = 17.5.002.0
MinimumVisualStudioVersion = 10.0.40219.1
Project("{2150E333-8FDC-42A3-9474-1A3956D46DE8}") = "csharp-prep", "csharp-prep", "{9E528ADC-EF84-44BE-91B6-DFB8AC920579}"
EndProject
Project("{9A19103F-16F7-4668-BE54-9A1E7A4F7556}") = "Prep1", "csharp-prep\Prep1\Prep1.csproj", "{6F621E53-AEC0-411A-A07C-6B343B8CB8A0}"
EndProject
Project("{9A19103F-16F7-4668-BE54-9A1E7A4F7556}") = "Prep2", "csharp-prep\Prep2\Prep2.csproj", "{79D7969A-1914-44B6-9E7D-40B361E5BCF3}"
EndProject
Project("{9A19103F-16F7-4668-BE54-9A1E7A4F7556}") = "Prep3", "csharp-prep\Prep3\Prep3.csproj", "{BFD18341-096E-4A3C-9BFD-A620CE98FBC2}"
EndProject
Project("{9A19103F-16F7-4668-BE54-9A1E7A4F7556}") = "Prep4", "csharp-prep\Prep4\Prep4.csproj", "{657DADC2-6006-4128-8D59-1DE1BAD3D4A8}"
EndProject
Project("{9A19103F-16F7-4668-BE54-9A1E7A4F7556}") = "Prep5", "csharp-prep\Prep5\Prep5.csproj", "{70761308-A84E-42FA-99AB-A452F6A3CE5D}"
EndProject
Project("{2150E333-8FDC-42A3-9474-1A3956D46DE8}") = "final", "final", "{43721600-DFB0-4236-B269-5232E6A4EA43}"
EndProject
Project("{9A19103F-16F7-4668-BE54-9A1E7A4F7556}") = "FinalProject", "final\FinalProject\FinalProject.csproj", "{F155A928-0B76-4DF8-A723-34B682A01FD9}"
EndProject
Project("{9A19103F-16F7-4668-BE54-9A1E7A4F7556}") = "Foundation1", "final\Foundation1\Foundation1.csproj", "{6C08F270-B7DF-4169-B361-0AC40369CCFD}"
EndProject
Project("{9A19103F-16F7-4668-BE54-9A1E7A4F7556}") = "Foundation2", "final\Foundation2\Foundation2.csproj", "{2D3849E2-2340-4B6C-8608-1E15D86B6FB9}"
EndProject
Project("{9A19103F-16F7-4668-BE54-9A1E7A4F7556}") = "Foundation3", "final\Foundation3\Foundation3.csproj", "{D1F7064F-B799-4845-A048-48A0E6FF351F}"
EndProject
Project("{9A19103F-16F7-4668-BE54-9A1E7A4F7556}") = "Foundation4", "final\Foundation4\Foundation4.csproj", "{48CB3B3F-A73C-428A-98D9-BF931A9C9A9A}"
EndProject
Project("{2150E333-8FDC-42A3-9474-1A3956D46DE8}") = "prepare", "prepare", "{3431FB26-64BB-4D38-945F-15CA334F785C}"
EndProject
Project("{9A19103F-16F7-4668-BE54-9A1E7A4F7556}") = "Learning02", "prepare\Learning02\Learning02.csproj", "{8BAA763F-96B2-41BC-8AA6-E5058BDEFEEF}"
EndProject
Project("{9A19103F-16F7-4668-BE54-9A1E7A4F7556}") = "Learning03", "prepare\Learning03\Learning03.csproj", "{4DC567F1-2B52-4321-8791-D0F9AA91D2CE}"
EndProject
Project("{9A19103F-16F7-4668-BE54-9A1E7A4F7556}") = "Learning04", "prepare\Learning04\Learning04.csproj", "{B99A81D1-208C-42C5-B4F5-A484B62FFBB5}"
EndProject
Project("{9A19103F-16F7-4668-BE54-9A1E7A4F7556}") = "Learning05", "prepare\Learning05\Learning05.csproj", "{91093F2C-4E14-42F5-AE82-F6E23E796B83}"
EndProject
Project("{2150E333-8FDC-42A3-9474-1A3956D46DE8}") = "prove", "prove", "{31E418CF-8579-4D8F-A9AA-2F88CA419292}"
EndProject
Project("{9A19103F-16F7-4668-BE54-9A1E7A4F7556}") = "Develop02", "prove\Develop02\Develop02.csproj", "{18C09C54-1528-4507-BF53-E9F6FA8FFF21}"
EndProject
Project("{9A19103F-16F7-4668-BE54-9A1E7A4F7556}") = "Develop03", "prove\Develop03\Develop03.csproj", "{D3694725-AA2D-4BB6-A3AC-439032766E5F}"
EndProject
Project("{9A19103F-16F7-4668-BE54-9A1E7A4F7556}") = "Develop04", "prove\Develop04\Develop04.csproj", "{298E05F4-917F-4662-BEED-5D6FFD3F3E94}"
EndProject
Project("{9A19103F-16F7-4668-BE54-9A1E7A4F7556}") = "Develop05", "prove\Develop05\Develop05.csproj", "{180A134F-62C0-47BE-AF9B-55BE571FC520}"
EndProject
Project("{2150E333-8FDC-42A3-9474-1A3956D46DE8}") = "sandbox", "sandbox", "{C6A1CEC2-F0B5-452C-8B49-9A2D61863C47}"
EndProject
Project("{9A19103F-16F7-4668-BE54-9A1E7A4F7556}") = "Sandbox", "sandbox\Sandbox\Sandbox.csproj", "{D398AFD8-EA3F-4DC7-8547-CD2ED3535125}"
EndProject
Global
	GlobalSection(SolutionConfigurationPlatforms) = preSolution
		Debug|Any CPU = Debug|Any CPU
		Release|Any CPU = Release|Any CPU
	EndGlobalSection
	GlobalSection(ProjectConfigurationPlatforms) = postSolution
		{6F621E53-AEC0-411A-A07C-6B343B8CB8A0}.Debug|Any CPU.ActiveCfg = Debug|Any CPU
		{6F621E53-AEC0-411A-A07C-6B343B8CB8A0}.Debug|Any CPU.Build.0 = Debug|Any CPU
		{6F621E53-AEC0-411A-A07C-6B343B8CB8A0}.Release|Any CPU.ActiveCfg = Release|Any CPU
		{6F621E53-AEC0-411A-A07C-6B343B8CB8A0}.Release|Any CPU.Build.0 = Release|Any CPU
		{79D7969A-1914-44B6-9E7D-40B361E5BCF3}.Debug|Any CPU.ActiveCfg = Debug|Any CPU
		{79D7969A-1914-44B6-9E7D-40B361E5BCF3}.Debug|Any CPU.Build.0 = Debug|Any CPU
		{79D7969A-1914-44B6-9E7D-40B361E5BCF3}.Release|Any CPU.ActiveCfg = Release|Any CPU
		{79D7969A-1914-44B6-9E7D-40B361E5BCF3}.Release|Any CPU.Build.0 = Release|Any CPU
		{BFD18341-096E-4A3C-9BFD-A620CE98FBC2}.Debug|Any CPU.ActiveCfg = Debug|Any CPU
		{BFD18341-096E-4A3C-9BFD-A620CE98FBC2}.Debug|Any CPU.Build.0 = Debug|Any CPU
		{BFD18341-096E-4A3C-9BFD-A620CE98FBC2}.Release|Any CPU.ActiveCfg = Release|Any CPU
		{BFD18341-096E-4A3C-9BFD-A620CE98FBC2}.Release|Any CPU.Build.0 = Release|Any CPU
		{657DADC2-6006-4128-8D59-1DE1BAD3D4A8}.Debug|Any CPU.ActiveCfg = Debug|Any CPU
		{657DADC2-6006-4128-8D59-1DE1BAD3D4A8}.Debug|Any CPU.Build.0 = Debug|Any CPU
		{657DADC2-6006-4128-8D59-1DE1BAD3D4A8}.Release|Any CPU.ActiveCfg = Release|Any CPU
		{657DADC2-6006-4128-8D59-1DE1BAD3D4A8}.Release|Any CPU.Build.0 = Release|Any CPU
		{70761308-A84E-42FA-99AB-A452F6A3CE5D}.Debug|Any CPU.ActiveCfg = Debug|Any CPU
		{70761308-A84E-42FA-99AB-A452F6A3CE5D}.Debug|Any CPU.Build.0 = Debug|Any CPU
		{70761308-A84E-42FA-99AB-A452F6A3CE5D}.Release|Any CPU.ActiveCfg = Release|Any CPU
		{70761308-A84E-42FA-99AB-A452F6A3CE5D}.Release|Any CPU.Build.0 = Release|Any CPU
		{F155A928-0B76-4DF8-A723-34B682A01FD9}.Debug|Any CPU.ActiveCfg = Debug|Any CPU
		{F155A928-0B76-4DF8-A723-34B682A01FD9}.Debug|Any CPU.Build.0 = Debug|Any CPU
		{F155A928-0B76-4DF8-A723-34B682A01FD9}.Release|Any CPU.ActiveCfg = Release|Any CPU
		{F155A928-0B76-4DF8-A723-34B682A01FD9}.Release|Any CPU.Build.0 = Release|Any CPU
		{6C08F270-B7DF-4169-B361-0AC40369CCFD}.Debug|Any CPU.ActiveCfg = Debug|Any CPU
		{6C08F270-B7DF-4169-B361-0AC40369CCFD}.Debug|Any CPU.Build.0 = Debug|Any CPU
		{6C08F270-B7DF-4169-B361-0AC40369CCFD}.Release|Any CPU.ActiveCfg = Release|Any CPU
		{6C08F270-B7DF-4169-B361-0AC40369CCFD}.Release|Any CPU.Build.0 = Release|Any CPU
		{2D3849E2-2340-4B6C-8608-1E15D86B6FB9}.Debug|Any CPU.ActiveCfg = Debug|Any CPU
		{2D3849E2-2340-4B6C-8608-1E15D86B6FB9}.Debug|Any CPU.Build.0 = Debug|Any CPU
		{2D3849E2-2340-4B6C-8608-1E15D86B6FB9}.Release|Any CPU.ActiveCfg = Release|Any CPU
		{2D3849E2-2340-4B6C-8608-1E15D86B6FB9}.Release|Any CPU.Build.0 = Release|Any CPU
		{D1F7064F-B799-4845-A048-48A0E6FF351F}.Debug|Any CPU.ActiveCfg = Debug|Any CPU
		{D1F7064F-B799-4845-A048-48A0E6FF351F}.Debug|Any CPU.Build.0 = Debug|Any CPU
		{D1F7064F-B799-4845-A048-48A0E6FF351F}.Release|Any CPU.ActiveCfg = Release|Any CPU
		{D1F7064F-B799-4845-A048-48A0E6FF351F}.Release|Any CPU.Build.0 = Release|Any CPU
		{48CB3B3F-A73C-428A-98D9-BF931A9C9A9A}.Debug|Any CPU.ActiveCfg = Debug|Any CPU
		{48CB3B3F-A73C-428A-98D9-BF931A9C9A9A}.Debug|Any CPU.Build.0 = Debug|Any CPU
		{48CB3B3F-A73C-428A-98D9-BF931A9C9A9A}.Release|Any CPU.ActiveCfg = Release|Any CPU
		{48CB3B3F-A73C-428A-98D9-BF931A9C9A9A}.Release|Any CPU.Build.0 = Release|Any CPU
		{8BAA763F-96B2-41BC-8AA6-E5058BDEFEEF}.Debug|Any CPU.ActiveCfg = Debug|Any CPU
		{8BAA763F-96B2-41BC-8AA6-E5058BDEFEEF}.Debug|Any CPU.Build.0 = Debug|Any CPU
		{8BAA763F-96B2-41BC-8AA6-E5058BDEFEEF}.Release|Any CPU.ActiveCfg = Release|Any CPU
		{8BAA763F-96B2-41BC-8AA6-E5058BDEFEEF}.Release|Any CPU.Build.0 = Release|Any CPU
		{4DC567F1-2B52-4321-8791-D0F9AA91D2CE}.Debug|Any CPU.ActiveCfg = Debug|Any CPU
		{4DC567F1-2B52-4321-8791-D0F9AA91D2CE}.Debug|Any CPU.Build.0 = Debug|Any CPU
		{4DC567F1-2B52-4321-8791-D0F9AA91D2CE}.Release|Any CPU.ActiveCfg = Release|Any CPU
		{4DC567F1-2B52-4321-8791-D0F9AA91D2CE}.Release|Any CPU.Build.0 = Release|Any CPU
		{B99A81D1-208C-42C5-B4F5-A484B62FFBB5}.Debug|Any CPU.ActiveCfg = Debug|Any CPU
		{B99A81D1-208C-42C5-B4F5-A484B62FFBB5}.Debug|Any CPU.Build.0 = Debug|Any CPU
		{B99A81D1-208C-42C5-B4F5-A484B62FFBB5}.Release|Any CPU.ActiveCfg = Release|Any CPU
		{B99A81D1-208C-42C5-B4F5-A484B62FFBB5}.Release|Any CPU.Build.0 = Release|Any CPU
		{91093F2C-4E14-42F5-AE82-F6E23E796B83}.Debug|Any CPU.ActiveCfg = Debug|Any CPU
		{91093F2C-4E14-42F5-AE82-F6E23E796B83}.Debug|Any CPU.Build.0 = Debug|Any CPU
		{91093F2C-4E14-42F5-AE82-F6E23E796B83}.Release|Any CPU.ActiveCfg = Release|Any CPU
		{91093F2C-4E14-42F5-AE82-F6E23E796B83}.Release|Any CPU.Build.0 = Release|Any CPU
		{18C09C54-1528-4507-BF53-E9F6FA8FFF21}.Debug|Any CPU.ActiveCfg = Debug|Any CPU
		{18C09C54-1528-4507-BF53-E9F6FA8FFF21}.Debug|Any CPU.Build.0 = Debug|Any CPU
		{18C09C54-1528-4507-BF53-E9F6FA8FFF21}.Release|Any CPU.ActiveCfg = Release|Any CPU
		{18C09C54-1528-4507-BF53-E9F6FA8FFF21}.Release|Any CPU.Build.0 = Release|Any CPU
		{D3694725-AA2D-4BB6-A3AC-439032766E5F}.Debug|Any CPU.ActiveCfg = Debug|Any CPU
		{D3694725-AA2D-4BB6-A3AC-439032766E5F}.Debug|Any CPU.Build.0 = Debug|Any CPU
		{D3694725-AA2D-4BB6-A3AC-439032766E5F}.Release|Any CPU.ActiveCfg = Release|Any CPU
		{D3694725-AA2D-4BB6-A3AC-439032766E5F}.Release|Any CPU.Build.0 = Release|Any CPU
		{298E05F4-917F-4662-BEED-5D6FFD3F3E94}.Debug|Any CPU.ActiveCfg = Debug|Any CPU
		{298E05F4-917F-4662-BEED-5D6FFD3F3E94}.Debug|Any CPU.Build.0 = Debug|Any CPU
		{298E05F4-917F-4662-BEED-5D6FFD3F3E94}.Release|Any CPU.ActiveCfg = Release|Any CPU
		{298E05F4-917F-4662-BEED-5D6FFD3F3E94}.Release|Any CPU.Build.0 = Release|Any CPU
		{180A134F-62C0-47BE-AF9B-55BE571FC520}.Debug|Any CPU.ActiveCfg = Debug|Any CPU
		{180A134F-62C0-47BE-AF9B-55BE571FC520}.Debug|Any CPU.Build.0 = Debug|Any CPU
		{180A134F-62C0-47BE-AF9B-55BE571FC520}.Release|Any CPU.ActiveCfg = Release|Any CPU
		{180A134F-62C0-47BE-AF9B-55BE571FC520}.Release|Any CPU.Build.0 = Release|Any CPU
		{D398AFD8-EA3F-4DC7-8547-CD2ED3535125}.Debug|Any CPU.ActiveCfg = Debug|Any CPU
		{D398AFD8-EA3F-4DC7-8547-CD2ED3535125}.Debug|Any CPU.Build.0 = Debug|Any CPU
		{D398AFD8-EA3F-4DC7-8547-CD2ED3535125}.Release|Any CPU.ActiveCfg = Release|Any CPU
		{D398AFD8-EA3F-4DC7-8547-CD2ED3535125}.Release|Any CPU.Build.0 = Release|Any CPU
	EndGlobalSection
	GlobalSection(SolutionProperties) = preSolution
		HideSolutionNode = FALSE
	EndGlobalSection
	GlobalSection(NestedProjects) = preSolution
		{6F621E53-AEC0-411A-A07C-6B343B8CB8A0} = {9E528ADC-EF84-44BE-91B6-DFB8AC920579}
		{79D7969A-1914-44B6-9E7D-40B361E5BCF3} = {9E528ADC-EF84-44BE-91B6-DFB8AC920579}
		{BFD18341-096E-4A3C-9BFD-A620CE98FBC2} = {9E528ADC-EF84-44BE-91B6-DFB8AC920579}
		{657DADC2-6006-4128-8D59-1DE1BAD3D4A8} = {9E528ADC-EF84-44BE-91B6-DFB8AC920579}
		{70761308-A84E-42FA-99AB-A452F6A3CE5D} = {9E528ADC-EF84-44BE-91B6-DFB8AC920579}
		{F155A928-0B76-4DF8-A723-34B682A01FD9} = {43721600-DFB0-4236-B269-5232E6A4EA43}
		{6C08F270-B7DF-4169-B361-0AC40369CCFD} = {43721600-DFB0-4236-B269-5232E6A4EA43}
		{2D3849E2-2340-4B6C-8608-1E15D86B6FB9} = {43721600-DFB0-4236-B269-5232E6A4EA43}
		{D1F7064F-B799-4845-A048-48A0E6FF351F} = {43721600-DFB0-4236-B269-5232E6A4EA43}
		{48CB3B3F-A73C-428A-98D9-BF931A9C9A9A} = {43721600-DFB0-4236-B269-5232E6A4EA43}
		{8BAA763F-96B2-41BC-8AA6-E5058BDEFEEF} = {3431FB26-64BB-4D38-945F-15CA334F785C}
		{4DC567F1-2B52-4321-8791-D0F9AA91D2CE} = {3431FB26-64BB-4D38-945F-15CA334F785C}
		{B99A81D1-208C-42C5-B4F5-A484B62FFBB5} = {3431FB26-64BB-4D38-945F-15CA334F785C}
		{91093F2C-4E14-42F5-AE82-F6E23E796B83} = {3431FB26-64BB-4D38-945F-15CA334F785C}
		{18C09C54-1528-4507-BF53-E9F6FA8FFF21} = {31E418CF-8579-4D8F-A9AA-2F88CA419292}
		{D3694725-AA2D-4BB6-A3AC-439032766E5F} = {31E418CF-8579-4D8F-A9AA-2F88CA419292}
		{298E05F4-917F-4662-BEED-5D6FFD3F3E94} = {31E418CF-8579-4D8F-A9AA-2F88CA419292}
		{180A134F-62C0-47BE-AF9B-55BE571FC520} = {31E418CF-8579-4D8F-A9AA-2F88CA419292}
		{D398AFD8-EA3F-4DC7-8547-CD2ED3535125} = {C6A1CEC2-F0B5-452C-8B49-9A2D61863C47}
	EndGlobalSection
	GlobalSection(ExtensibilityGlobals) = postSolution
		SolutionGuid = {DBA7F9C4-60E3-4E57-A966-F01FC341B61B}
	EndGlobalSection
EndGlobal
